// !$*UTF8*$!
{
	archiveVersion = 1;
	classes = {
	};
	objectVersion = 46;
	objects = {

/* Begin PBXBuildFile section */
		0AC2596628E9FD7641B2FA58 /* libPods.a in Frameworks */ = {isa = PBXBuildFile; fileRef = 3A08EE9C3C9AE777FF6AD1C6 /* libPods.a */; };
		329828B71C534C640043E83A /* main.m in Sources */ = {isa = PBXBuildFile; fileRef = 329828B61C534C640043E83A /* main.m */; };
		329828BA1C534C640043E83A /* AppDelegate.m in Sources */ = {isa = PBXBuildFile; fileRef = 329828B91C534C640043E83A /* AppDelegate.m */; };
		329828BD1C534C640043E83A /* ViewController.m in Sources */ = {isa = PBXBuildFile; fileRef = 329828BC1C534C640043E83A /* ViewController.m */; };
		329828C01C534C640043E83A /* Main.storyboard in Resources */ = {isa = PBXBuildFile; fileRef = 329828BE1C534C640043E83A /* Main.storyboard */; };
		329828C21C534C640043E83A /* Assets.xcassets in Resources */ = {isa = PBXBuildFile; fileRef = 329828C11C534C640043E83A /* Assets.xcassets */; };
		329828C51C534C640043E83A /* LaunchScreen.storyboard in Resources */ = {isa = PBXBuildFile; fileRef = 329828C31C534C640043E83A /* LaunchScreen.storyboard */; };
		329828F91C534DAF0043E83A /* CCSudokuGrid.m in Sources */ = {isa = PBXBuildFile; fileRef = 329828F61C534DAF0043E83A /* CCSudokuGrid.m */; };
		329828FA1C534DAF0043E83A /* CCSudokuView.m in Sources */ = {isa = PBXBuildFile; fileRef = 329828F81C534DAF0043E83A /* CCSudokuView.m */; };
/* End PBXBuildFile section */

/* Begin PBXFileReference section */
		0F7608645451810CD7AB9670 /* Pods.release.xcconfig */ = {isa = PBXFileReference; includeInIndex = 1; lastKnownFileType = text.xcconfig; name = Pods.release.xcconfig; path = "Pods/Target Support Files/Pods/Pods.release.xcconfig"; sourceTree = "<group>"; };
		329828B21C534C640043E83A /* CCSudokuDemo.app */ = {isa = PBXFileReference; explicitFileType = wrapper.application; includeInIndex = 0; path = CCSudokuDemo.app; sourceTree = BUILT_PRODUCTS_DIR; };
		329828B61C534C640043E83A /* main.m */ = {isa = PBXFileReference; lastKnownFileType = sourcecode.c.objc; path = main.m; sourceTree = "<group>"; };
		329828B81C534C640043E83A /* AppDelegate.h */ = {isa = PBXFileReference; lastKnownFileType = sourcecode.c.h; path = AppDelegate.h; sourceTree = "<group>"; };
		329828B91C534C640043E83A /* AppDelegate.m */ = {isa = PBXFileReference; lastKnownFileType = sourcecode.c.objc; path = AppDelegate.m; sourceTree = "<group>"; };
		329828BB1C534C640043E83A /* ViewController.h */ = {isa = PBXFileReference; lastKnownFileType = sourcecode.c.h; path = ViewController.h; sourceTree = "<group>"; };
		329828BC1C534C640043E83A /* ViewController.m */ = {isa = PBXFileReference; lastKnownFileType = sourcecode.c.objc; path = ViewController.m; sourceTree = "<group>"; };
		329828BF1C534C640043E83A /* Base */ = {isa = PBXFileReference; lastKnownFileType = file.storyboard; name = Base; path = Base.lproj/Main.storyboard; sourceTree = "<group>"; };
		329828C11C534C640043E83A /* Assets.xcassets */ = {isa = PBXFileReference; lastKnownFileType = folder.assetcatalog; path = Assets.xcassets; sourceTree = "<group>"; };
		329828C41C534C640043E83A /* Base */ = {isa = PBXFileReference; lastKnownFileType = file.storyboard; name = Base; path = Base.lproj/LaunchScreen.storyboard; sourceTree = "<group>"; };
		329828C61C534C640043E83A /* Info.plist */ = {isa = PBXFileReference; lastKnownFileType = text.plist.xml; path = Info.plist; sourceTree = "<group>"; };
		329828CF1C534C640043E83A /* CCSudokuDemoTests.m */ = {isa = PBXFileReference; lastKnownFileType = sourcecode.c.objc; path = CCSudokuDemoTests.m; sourceTree = "<group>"; };
		329828D11C534C640043E83A /* Info.plist */ = {isa = PBXFileReference; lastKnownFileType = text.plist.xml; path = Info.plist; sourceTree = "<group>"; };
		329828DA1C534C640043E83A /* CCSudokuDemoUITests.m */ = {isa = PBXFileReference; lastKnownFileType = sourcecode.c.objc; path = CCSudokuDemoUITests.m; sourceTree = "<group>"; };
		329828DC1C534C640043E83A /* Info.plist */ = {isa = PBXFileReference; lastKnownFileType = text.plist.xml; path = Info.plist; sourceTree = "<group>"; };
		329828F51C534DAF0043E83A /* CCSudokuGrid.h */ = {isa = PBXFileReference; fileEncoding = 4; lastKnownFileType = sourcecode.c.h; name = CCSudokuGrid.h; path = CCSudoku/CCSudokuGrid.h; sourceTree = "<group>"; };
		329828F61C534DAF0043E83A /* CCSudokuGrid.m */ = {isa = PBXFileReference; fileEncoding = 4; lastKnownFileType = sourcecode.c.objc; name = CCSudokuGrid.m; path = CCSudoku/CCSudokuGrid.m; sourceTree = "<group>"; };
		329828F71C534DAF0043E83A /* CCSudokuView.h */ = {isa = PBXFileReference; fileEncoding = 4; lastKnownFileType = sourcecode.c.h; name = CCSudokuView.h; path = CCSudoku/CCSudokuView.h; sourceTree = "<group>"; };
		329828F81C534DAF0043E83A /* CCSudokuView.m */ = {isa = PBXFileReference; fileEncoding = 4; lastKnownFileType = sourcecode.c.objc; name = CCSudokuView.m; path = CCSudoku/CCSudokuView.m; sourceTree = "<group>"; };
		3A08EE9C3C9AE777FF6AD1C6 /* libPods.a */ = {isa = PBXFileReference; explicitFileType = archive.ar; includeInIndex = 0; path = libPods.a; sourceTree = BUILT_PRODUCTS_DIR; };
		7758D4045C28B0E3394299BF /* Pods.debug.xcconfig */ = {isa = PBXFileReference; includeInIndex = 1; lastKnownFileType = text.xcconfig; name = Pods.debug.xcconfig; path = "Pods/Target Support Files/Pods/Pods.debug.xcconfig"; sourceTree = "<group>"; };
/* End PBXFileReference section */

/* Begin PBXFrameworksBuildPhase section */
		329828AF1C534C640043E83A /* Frameworks */ = {
			isa = PBXFrameworksBuildPhase;
			buildActionMask = 2147483647;
			files = (
				0AC2596628E9FD7641B2FA58 /* libPods.a in Frameworks */,
			);
			runOnlyForDeploymentPostprocessing = 0;
		};
/* End PBXFrameworksBuildPhase section */

/* Begin PBXGroup section */
		329828A91C534C640043E83A = {
			isa = PBXGroup;
			children = (
				329828B41C534C640043E83A /* CCSudokuDemo */,
				329828CE1C534C640043E83A /* CCSudokuDemoTests */,
				329828D91C534C640043E83A /* CCSudokuDemoUITests */,
				329828B31C534C640043E83A /* Products */,
				79C27D622A5FCF1FCDD129E9 /* Pods */,
				6A748A19A5AC63BDB6B5B49B /* Frameworks */,
			);
			sourceTree = "<group>";
		};
		329828B31C534C640043E83A /* Products */ = {
			isa = PBXGroup;
			children = (
				329828B21C534C640043E83A /* CCSudokuDemo.app */,
			);
			name = Products;
			sourceTree = "<group>";
		};
		329828B41C534C640043E83A /* CCSudokuDemo */ = {
			isa = PBXGroup;
			children = (
				329828E81C534D220043E83A /* CCSudoku */,
				329828B81C534C640043E83A /* AppDelegate.h */,
				329828B91C534C640043E83A /* AppDelegate.m */,
				329828BB1C534C640043E83A /* ViewController.h */,
				329828BC1C534C640043E83A /* ViewController.m */,
				329828BE1C534C640043E83A /* Main.storyboard */,
				329828C11C534C640043E83A /* Assets.xcassets */,
				329828C31C534C640043E83A /* LaunchScreen.storyboard */,
				329828C61C534C640043E83A /* Info.plist */,
				329828B51C534C640043E83A /* Supporting Files */,
			);
			path = CCSudokuDemo;
			sourceTree = "<group>";
		};
		329828B51C534C640043E83A /* Supporting Files */ = {
			isa = PBXGroup;
			children = (
				329828B61C534C640043E83A /* main.m */,
			);
			name = "Supporting Files";
			sourceTree = "<group>";
		};
		329828CE1C534C640043E83A /* CCSudokuDemoTests */ = {
			isa = PBXGroup;
			children = (
				329828CF1C534C640043E83A /* CCSudokuDemoTests.m */,
				329828D11C534C640043E83A /* Info.plist */,
			);
			path = CCSudokuDemoTests;
			sourceTree = "<group>";
		};
		329828D91C534C640043E83A /* CCSudokuDemoUITests */ = {
			isa = PBXGroup;
			children = (
				329828DA1C534C640043E83A /* CCSudokuDemoUITests.m */,
				329828DC1C534C640043E83A /* Info.plist */,
			);
			path = CCSudokuDemoUITests;
			sourceTree = "<group>";
		};
		329828E81C534D220043E83A /* CCSudoku */ = {
			isa = PBXGroup;
			children = (
				329828F51C534DAF0043E83A /* CCSudokuGrid.h */,
				329828F61C534DAF0043E83A /* CCSudokuGrid.m */,
				329828F71C534DAF0043E83A /* CCSudokuView.h */,
				329828F81C534DAF0043E83A /* CCSudokuView.m */,
			);
			name = CCSudoku;
			sourceTree = "<group>";
		};
		6A748A19A5AC63BDB6B5B49B /* Frameworks */ = {
			isa = PBXGroup;
			children = (
				3A08EE9C3C9AE777FF6AD1C6 /* libPods.a */,
			);
			name = Frameworks;
			sourceTree = "<group>";
		};
		79C27D622A5FCF1FCDD129E9 /* Pods */ = {
			isa = PBXGroup;
			children = (
				7758D4045C28B0E3394299BF /* Pods.debug.xcconfig */,
				0F7608645451810CD7AB9670 /* Pods.release.xcconfig */,
			);
			name = Pods;
			sourceTree = "<group>";
		};
/* End PBXGroup section */

/* Begin PBXNativeTarget section */
		329828B11C534C640043E83A /* CCSudokuDemo */ = {
			isa = PBXNativeTarget;
			buildConfigurationList = 329828DF1C534C640043E83A /* Build configuration list for PBXNativeTarget "CCSudokuDemo" */;
			buildPhases = (
				126FAD6E9FA399FBD1FEBAA6 /* Check Pods Manifest.lock */,
				329828AE1C534C640043E83A /* Sources */,
				329828AF1C534C640043E83A /* Frameworks */,
				329828B01C534C640043E83A /* Resources */,
				5034792BF33EE67964340208 /* Copy Pods Resources */,
			);
			buildRules = (
			);
			dependencies = (
			);
			name = CCSudokuDemo;
			productName = CCSudokuDemo;
			productReference = 329828B21C534C640043E83A /* CCSudokuDemo.app */;
			productType = "com.apple.product-type.application";
		};
/* End PBXNativeTarget section */

/* Begin PBXProject section */
		329828AA1C534C640043E83A /* Project object */ = {
			isa = PBXProject;
			attributes = {
				LastUpgradeCheck = 0720;
				ORGANIZATIONNAME = cici;
				TargetAttributes = {
					329828B11C534C640043E83A = {
						CreatedOnToolsVersion = 7.2;
					};
				};
			};
			buildConfigurationList = 329828AD1C534C640043E83A /* Build configuration list for PBXProject "CCSudokuDemo" */;
			compatibilityVersion = "Xcode 3.2";
			developmentRegion = English;
			hasScannedForEncodings = 0;
			knownRegions = (
				en,
				Base,
			);
			mainGroup = 329828A91C534C640043E83A;
			productRefGroup = 329828B31C534C640043E83A /* Products */;
			projectDirPath = "";
			projectRoot = "";
			targets = (
				329828B11C534C640043E83A /* CCSudokuDemo */,
			);
		};
/* End PBXProject section */

/* Begin PBXResourcesBuildPhase section */
		329828B01C534C640043E83A /* Resources */ = {
			isa = PBXResourcesBuildPhase;
			buildActionMask = 2147483647;
			files = (
				329828C51C534C640043E83A /* LaunchScreen.storyboard in Resources */,
				329828C21C534C640043E83A /* Assets.xcassets in Resources */,
				329828C01C534C640043E83A /* Main.storyboard in Resources */,
			);
			runOnlyForDeploymentPostprocessing = 0;
		};
/* End PBXResourcesBuildPhase section */

/* Begin PBXShellScriptBuildPhase section */
		126FAD6E9FA399FBD1FEBAA6 /* Check Pods Manifest.lock */ = {
			isa = PBXShellScriptBuildPhase;
			buildActionMask = 2147483647;
			files = (
			);
			inputPaths = (
			);
			name = "Check Pods Manifest.lock";
			outputPaths = (
			);
			runOnlyForDeploymentPostprocessing = 0;
			shellPath = /bin/sh;
			shellScript = "diff \"${PODS_ROOT}/../Podfile.lock\" \"${PODS_ROOT}/Manifest.lock\" > /dev/null\nif [[ $? != 0 ]] ; then\n    cat << EOM\nerror: The sandbox is not in sync with the Podfile.lock. Run 'pod install' or update your CocoaPods installation.\nEOM\n    exit 1\nfi\n";
			showEnvVarsInLog = 0;
		};
		5034792BF33EE67964340208 /* Copy Pods Resources */ = {
			isa = PBXShellScriptBuildPhase;
			buildActionMask = 2147483647;
			files = (
			);
			inputPaths = (
			);
			name = "Copy Pods Resources";
			outputPaths = (
			);
			runOnlyForDeploymentPostprocessing = 0;
			shellPath = /bin/sh;
			shellScript = "\"${SRCROOT}/Pods/Target Support Files/Pods/Pods-resources.sh\"\n";
			showEnvVarsInLog = 0;
		};
/* End PBXShellScriptBuildPhase section */

/* Begin PBXSourcesBuildPhase section */
		329828AE1C534C640043E83A /* Sources */ = {
			isa = PBXSourcesBuildPhase;
			buildActionMask = 2147483647;
			files = (
				329828F91C534DAF0043E83A /* CCSudokuGrid.m in Sources */,
				329828BD1C534C640043E83A /* ViewController.m in Sources */,
				329828BA1C534C640043E83A /* AppDelegate.m in Sources */,
				329828B71C534C640043E83A /* main.m in Sources */,
				329828FA1C534DAF0043E83A /* CCSudokuView.m in Sources */,
			);
			runOnlyForDeploymentPostprocessing = 0;
		};
/* End PBXSourcesBuildPhase section */

/* Begin PBXVariantGroup section */
		329828BE1C534C640043E83A /* Main.storyboard */ = {
			isa = PBXVariantGroup;
			children = (
				329828BF1C534C640043E83A /* Base */,
			);
			name = Main.storyboard;
			sourceTree = "<group>";
		};
		329828C31C534C640043E83A /* LaunchScreen.storyboard */ = {
			isa = PBXVariantGroup;
			children = (
				329828C41C534C640043E83A /* Base */,
			);
			name = LaunchScreen.storyboard;
			sourceTree = "<group>";
		};
/* End PBXVariantGroup section */

/* Begin XCBuildConfiguration section */
		329828DD1C534C640043E83A /* Debug */ = {
			isa = XCBuildConfiguration;
			buildSettings = {
				ALWAYS_SEARCH_USER_PATHS = NO;
				CLANG_CXX_LANGUAGE_STANDARD = "gnu++0x";
				CLANG_CXX_LIBRARY = "libc++";
				CLANG_ENABLE_MODULES = YES;
				CLANG_ENABLE_OBJC_ARC = YES;
				CLANG_WARN_BOOL_CONVERSION = YES;
				CLANG_WARN_CONSTANT_CONVERSION = YES;
				CLANG_WARN_DIRECT_OBJC_ISA_USAGE = YES_ERROR;
				CLANG_WARN_EMPTY_BODY = YES;
				CLANG_WARN_ENUM_CONVERSION = YES;
				CLANG_WARN_INT_CONVERSION = YES;
				CLANG_WARN_OBJC_ROOT_CLASS = YES_ERROR;
				CLANG_WARN_UNREACHABLE_CODE = YES;
				CLANG_WARN__DUPLICATE_METHOD_MATCH = YES;
				"CODE_SIGN_IDENTITY[sdk=iphoneos*]" = "iPhone Developer";
				COPY_PHASE_STRIP = NO;
				DEBUG_INFORMATION_FORMAT = dwarf;
				ENABLE_STRICT_OBJC_MSGSEND = YES;
				ENABLE_TESTABILITY = YES;
				GCC_C_LANGUAGE_STANDARD = gnu99;
				GCC_DYNAMIC_NO_PIC = NO;
				GCC_NO_COMMON_BLOCKS = YES;
				GCC_OPTIMIZATION_LEVEL = 0;
				GCC_PREPROCESSOR_DEFINITIONS = (
					"DEBUG=1",
					"$(inherited)",
				);
				GCC_WARN_64_TO_32_BIT_CONVERSION = YES;
				GCC_WARN_ABOUT_RETURN_TYPE = YES_ERROR;
				GCC_WARN_UNDECLARED_SELECTOR = YES;
				GCC_WARN_UNINITIALIZED_AUTOS = YES_AGGRESSIVE;
				GCC_WARN_UNUSED_FUNCTION = YES;
				GCC_WARN_UNUSED_VARIABLE = YES;
				IPHONEOS_DEPLOYMENT_TARGET = 9.2;
				MTL_ENABLE_DEBUG_INFO = YES;
				ONLY_ACTIVE_ARCH = YES;
				SDKROOT = iphoneos;
				TARGETED_DEVICE_FAMILY = "1,2";
			};
			name = Debug;
		};
		329828DE1C534C640043E83A /* Release */ = {
			isa = XCBuildConfiguration;
			buildSettings = {
				ALWAYS_SEARCH_USER_PATHS = NO;
				CLANG_CXX_LANGUAGE_STANDARD = "gnu++0x";
				CLANG_CXX_LIBRARY = "libc++";
				CLANG_ENABLE_MODULES = YES;
				CLANG_ENABLE_OBJC_ARC = YES;
				CLANG_WARN_BOOL_CONVERSION = YES;
				CLANG_WARN_CONSTANT_CONVERSION = YES;
				CLANG_WARN_DIRECT_OBJC_ISA_USAGE = YES_ERROR;
				CLANG_WARN_EMPTY_BODY = YES;
				CLANG_WARN_ENUM_CONVERSION = YES;
				CLANG_WARN_INT_CONVERSION = YES;
				CLANG_WARN_OBJC_ROOT_CLASS = YES_ERROR;
				CLANG_WARN_UNREACHABLE_CODE = YES;
				CLANG_WARN__DUPLICATE_METHOD_MATCH = YES;
				"CODE_SIGN_IDENTITY[sdk=iphoneos*]" = "iPhone Developer";
				COPY_PHASE_STRIP = NO;
				DEBUG_INFORMATION_FORMAT = "dwarf-with-dsym";
				ENABLE_NS_ASSERTIONS = NO;
				ENABLE_STRICT_OBJC_MSGSEND = YES;
				GCC_C_LANGUAGE_STANDARD = gnu99;
				GCC_NO_COMMON_BLOCKS = YES;
				GCC_WARN_64_TO_32_BIT_CONVERSION = YES;
				GCC_WARN_ABOUT_RETURN_TYPE = YES_ERROR;
				GCC_WARN_UNDECLARED_SELECTOR = YES;
				GCC_WARN_UNINITIALIZED_AUTOS = YES_AGGRESSIVE;
				GCC_WARN_UNUSED_FUNCTION = YES;
				GCC_WARN_UNUSED_VARIABLE = YES;
				IPHONEOS_DEPLOYMENT_TARGET = 9.2;
				MTL_ENABLE_DEBUG_INFO = NO;
				SDKROOT = iphoneos;
				TARGETED_DEVICE_FAMILY = "1,2";
				VALIDATE_PRODUCT = YES;
			};
			name = Release;
		};
		329828E01C534C640043E83A /* Debug */ = {
			isa = XCBuildConfiguration;
			baseConfigurationReference = 7758D4045C28B0E3394299BF /* Pods.debug.xcconfig */;
			buildSettings = {
				ASSETCATALOG_COMPILER_APPICON_NAME = AppIcon;
				INFOPLIST_FILE = CCSudokuDemo/Info.plist;
				LD_RUNPATH_SEARCH_PATHS = "$(inherited) @executable_path/Frameworks";
				PRODUCT_BUNDLE_IDENTIFIER = com.chinaums.CCSudokuDemo;
				PRODUCT_NAME = "$(TARGET_NAME)";
			};
			name = Debug;
		};
		329828E11C534C640043E83A /* Release */ = {
			isa = XCBuildConfiguration;
			baseConfigurationReference = 0F7608645451810CD7AB9670 /* Pods.release.xcconfig */;
			buildSettings = {
				ASSETCATALOG_COMPILER_APPICON_NAME = AppIcon;
				INFOPLIST_FILE = CCSudokuDemo/Info.plist;
				LD_RUNPATH_SEARCH_PATHS = "$(inherited) @executable_path/Frameworks";
				PRODUCT_BUNDLE_IDENTIFIER = com.chinaums.CCSudokuDemo;
				PRODUCT_NAME = "$(TARGET_NAME)";
			};
			name = Release;
		};
/* End XCBuildConfiguration section */

/* Begin XCConfigurationList section */
		329828AD1C534C640043E83A /* Build configuration list for PBXProject "CCSudokuDemo" */ = {
			isa = XCConfigurationList;
			buildConfigurations = (
				329828DD1C534C640043E83A /* Debug */,
				329828DE1C534C640043E83A /* Release */,
			);
			defaultConfigurationIsVisible = 0;
			defaultConfigurationName = Release;
		};
		329828DF1C534C640043E83A /* Build configuration list for PBXNativeTarget "CCSudokuDemo" */ = {
			isa = XCConfigurationList;
			buildConfigurations = (
				329828E01C534C640043E83A /* Debug */,
				329828E11C534C640043E83A /* Release */,
			);
			defaultConfigurationIsVisible = 0;
			defaultConfigurationName = Release;
		};
/* End XCConfigurationList section */
	};
	rootObject = 329828AA1C534C640043E83A /* Project object */;
}
